
Microsoft Visual Studio Solution File, Format Version 12.00
# Visual Studio Version 16
VisualStudioVersion = 16.0.29418.71
MinimumVisualStudioVersion = 10.0.40219.1
Project("{FAE04EC0-301F-11D3-BF4B-00C04F79EFBC}") = "squirrel.UWP", "squirrel.UWP\squirrel.UWP.csproj", "{8A944C18-F423-47AA-BCF7-93F6775E086F}"
EndProject
Project("{FAE04EC0-301F-11D3-BF4B-00C04F79EFBC}") = "squirrel.Android", "squirrel.Android\squirrel.Android.csproj", "{F162D102-CF04-4079-AC2B-C0C11D8FA56E}"
EndProject
Project("{FAE04EC0-301F-11D3-BF4B-00C04F79EFBC}") = "squirrel.iOS", "squirrel.iOS\squirrel.iOS.csproj", "{B8AA862F-3108-44F0-B0DD-BFCE7C4496F4}"
EndProject
Project("{FAE04EC0-301F-11D3-BF4B-00C04F79EFBC}") = "squirrel", "squirrel\squirrel.csproj", "{9752CA8F-E5F3-41AE-8C66-2BD065C64F7E}"
EndProject
Global
	GlobalSection(SolutionConfigurationPlatforms) = preSolution
		Debug|Any CPU = Debug|Any CPU
		Debug|ARM = Debug|ARM
		Debug|iPhone = Debug|iPhone
		Debug|iPhoneSimulator = Debug|iPhoneSimulator
		Debug|x64 = Debug|x64
		Debug|x86 = Debug|x86
		Release|Any CPU = Release|Any CPU
		Release|ARM = Release|ARM
		Release|iPhone = Release|iPhone
		Release|iPhoneSimulator = Release|iPhoneSimulator
		Release|x64 = Release|x64
		Release|x86 = Release|x86
	EndGlobalSection
	GlobalSection(ProjectConfigurationPlatforms) = postSolution
		{8A944C18-F423-47AA-BCF7-93F6775E086F}.Debug|Any CPU.ActiveCfg = Debug|x86
		{8A944C18-F423-47AA-BCF7-93F6775E086F}.Debug|Any CPU.Build.0 = Debug|x86
		{8A944C18-F423-47AA-BCF7-93F6775E086F}.Debug|Any CPU.Deploy.0 = Debug|x86
		{8A944C18-F423-47AA-BCF7-93F6775E086F}.Debug|ARM.ActiveCfg = Debug|ARM
		{8A944C18-F423-47AA-BCF7-93F6775E086F}.Debug|ARM.Build.0 = Debug|ARM
		{8A944C18-F423-47AA-BCF7-93F6775E086F}.Debug|ARM.Deploy.0 = Debug|ARM
		{8A944C18-F423-47AA-BCF7-93F6775E086F}.Debug|iPhone.ActiveCfg = Debug|x86
		{8A944C18-F423-47AA-BCF7-93F6775E086F}.Debug|iPhone.Build.0 = Debug|x86
		{8A944C18-F423-47AA-BCF7-93F6775E086F}.Debug|iPhone.Deploy.0 = Debug|x86
		{8A944C18-F423-47AA-BCF7-93F6775E086F}.Debug|iPhoneSimulator.ActiveCfg = Debug|x86
		{8A944C18-F423-47AA-BCF7-93F6775E086F}.Debug|iPhoneSimulator.Build.0 = Debug|x86
		{8A944C18-F423-47AA-BCF7-93F6775E086F}.Debug|iPhoneSimulator.Deploy.0 = Debug|x86
		{8A944C18-F423-47AA-BCF7-93F6775E086F}.Debug|x64.ActiveCfg = Debug|x64
		{8A944C18-F423-47AA-BCF7-93F6775E086F}.Debug|x64.Build.0 = Debug|x64
		{8A944C18-F423-47AA-BCF7-93F6775E086F}.Debug|x64.Deploy.0 = Debug|x64
		{8A944C18-F423-47AA-BCF7-93F6775E086F}.Debug|x86.ActiveCfg = Debug|x86
		{8A944C18-F423-47AA-BCF7-93F6775E086F}.Debug|x86.Build.0 = Debug|x86
		{8A944C18-F423-47AA-BCF7-93F6775E086F}.Debug|x86.Deploy.0 = Debug|x86
		{8A944C18-F423-47AA-BCF7-93F6775E086F}.Release|Any CPU.ActiveCfg = Release|x86
		{8A944C18-F423-47AA-BCF7-93F6775E086F}.Release|Any CPU.Build.0 = Release|x86
		{8A944C18-F423-47AA-BCF7-93F6775E086F}.Release|Any CPU.Deploy.0 = Release|x86
		{8A944C18-F423-47AA-BCF7-93F6775E086F}.Release|ARM.ActiveCfg = Release|ARM
		{8A944C18-F423-47AA-BCF7-93F6775E086F}.Release|ARM.Build.0 = Release|ARM
		{8A944C18-F423-47AA-BCF7-93F6775E086F}.Release|ARM.Deploy.0 = Release|ARM
		{8A944C18-F423-47AA-BCF7-93F6775E086F}.Release|iPhone.ActiveCfg = Release|x86
		{8A944C18-F423-47AA-BCF7-93F6775E086F}.Release|iPhone.Build.0 = Release|x86
		{8A944C18-F423-47AA-BCF7-93F6775E086F}.Release|iPhone.Deploy.0 = Release|x86
		{8A944C18-F423-47AA-BCF7-93F6775E086F}.Release|iPhoneSimulator.ActiveCfg = Release|x86
		{8A944C18-F423-47AA-BCF7-93F6775E086F}.Release|iPhoneSimulator.Build.0 = Release|x86
		{8A944C18-F423-47AA-BCF7-93F6775E086F}.Release|iPhoneSimulator.Deploy.0 = Release|x86
		{8A944C18-F423-47AA-BCF7-93F6775E086F}.Release|x64.ActiveCfg = Release|x64
		{8A944C18-F423-47AA-BCF7-93F6775E086F}.Release|x64.Build.0 = Release|x64
		{8A944C18-F423-47AA-BCF7-93F6775E086F}.Release|x64.Deploy.0 = Release|x64
		{8A944C18-F423-47AA-BCF7-93F6775E086F}.Release|x86.ActiveCfg = Release|x86
		{8A944C18-F423-47AA-BCF7-93F6775E086F}.Release|x86.Build.0 = Release|x86
		{8A944C18-F423-47AA-BCF7-93F6775E086F}.Release|x86.Deploy.0 = Release|x86
		{F162D102-CF04-4079-AC2B-C0C11D8FA56E}.Debug|Any CPU.ActiveCfg = Debug|Any CPU
		{F162D102-CF04-4079-AC2B-C0C11D8FA56E}.Debug|Any CPU.Build.0 = Debug|Any CPU
		{F162D102-CF04-4079-AC2B-C0C11D8FA56E}.Debug|Any CPU.Deploy.0 = Debug|Any CPU
		{F162D102-CF04-4079-AC2B-C0C11D8FA56E}.Debug|ARM.ActiveCfg = Debug|Any CPU
		{F162D102-CF04-4079-AC2B-C0C11D8FA56E}.Debug|ARM.Build.0 = Debug|Any CPU
		{F162D102-CF04-4079-AC2B-C0C11D8FA56E}.Debug|ARM.Deploy.0 = Debug|Any CPU
		{F162D102-CF04-4079-AC2B-C0C11D8FA56E}.Debug|iPhone.ActiveCfg = Debug|Any CPU
		{F162D102-CF04-4079-AC2B-C0C11D8FA56E}.Debug|iPhone.Build.0 = Debug|Any CPU
		{F162D102-CF04-4079-AC2B-C0C11D8FA56E}.Debug|iPhone.Deploy.0 = Debug|Any CPU
		{F162D102-CF04-4079-AC2B-C0C11D8FA56E}.Debug|iPhoneSimulator.ActiveCfg = Debug|Any CPU
		{F162D102-CF04-4079-AC2B-C0C11D8FA56E}.Debug|iPhoneSimulator.Build.0 = Debug|Any CPU
		{F162D102-CF04-4079-AC2B-C0C11D8FA56E}.Debug|iPhoneSimulator.Deploy.0 = Debug|Any CPU
		{F162D102-CF04-4079-AC2B-C0C11D8FA56E}.Debug|x64.ActiveCfg = Debug|Any CPU
		{F162D102-CF04-4079-AC2B-C0C11D8FA56E}.Debug|x64.Build.0 = Debug|Any CPU
		{F162D102-CF04-4079-AC2B-C0C11D8FA56E}.Debug|x64.Deploy.0 = Debug|Any CPU
		{F162D102-CF04-4079-AC2B-C0C11D8FA56E}.Debug|x86.ActiveCfg = Debug|Any CPU
		{F162D102-CF04-4079-AC2B-C0C11D8FA56E}.Debug|x86.Build.0 = Debug|Any CPU
		{F162D102-CF04-4079-AC2B-C0C11D8FA56E}.Debug|x86.Deploy.0 = Debug|Any CPU
		{F162D102-CF04-4079-AC2B-C0C11D8FA56E}.Release|Any CPU.ActiveCfg = Release|Any CPU
		{F162D102-CF04-4079-AC2B-C0C11D8FA56E}.Release|Any CPU.Build.0 = Release|Any CPU
		{F162D102-CF04-4079-AC2B-C0C11D8FA56E}.Release|Any CPU.Deploy.0 = Release|Any CPU
		{F162D102-CF04-4079-AC2B-C0C11D8FA56E}.Release|ARM.ActiveCfg = Release|Any CPU
		{F162D102-CF04-4079-AC2B-C0C11D8FA56E}.Release|ARM.Build.0 = Release|Any CPU
		{F162D102-CF04-4079-AC2B-C0C11D8FA56E}.Release|ARM.Deploy.0 = Release|Any CPU
		{F162D102-CF04-4079-AC2B-C0C11D8FA56E}.Release|iPhone.ActiveCfg = Release|Any CPU
		{F162D102-CF04-4079-AC2B-C0C11D8FA56E}.Release|iPhone.Build.0 = Release|Any CPU
		{F162D102-CF04-4079-AC2B-C0C11D8FA56E}.Release|iPhone.Deploy.0 = Release|Any CPU
		{F162D102-CF04-4079-AC2B-C0C11D8FA56E}.Release|iPhoneSimulator.ActiveCfg = Release|Any CPU
		{F162D102-CF04-4079-AC2B-C0C11D8FA56E}.Release|iPhoneSimulator.Build.0 = Release|Any CPU
		{F162D102-CF04-4079-AC2B-C0C11D8FA56E}.Release|iPhoneSimulator.Deploy.0 = Release|Any CPU
		{F162D102-CF04-4079-AC2B-C0C11D8FA56E}.Release|x64.ActiveCfg = Release|Any CPU
		{F162D102-CF04-4079-AC2B-C0C11D8FA56E}.Release|x64.Build.0 = Release|Any CPU
		{F162D102-CF04-4079-AC2B-C0C11D8FA56E}.Release|x64.Deploy.0 = Release|Any CPU
		{F162D102-CF04-4079-AC2B-C0C11D8FA56E}.Release|x86.ActiveCfg = Release|Any CPU
		{F162D102-CF04-4079-AC2B-C0C11D8FA56E}.Release|x86.Build.0 = Release|Any CPU
		{F162D102-CF04-4079-AC2B-C0C11D8FA56E}.Release|x86.Deploy.0 = Release|Any CPU
		{B8AA862F-3108-44F0-B0DD-BFCE7C4496F4}.Debug|Any CPU.ActiveCfg = Debug|iPhone
		{B8AA862F-3108-44F0-B0DD-BFCE7C4496F4}.Debug|Any CPU.Build.0 = Debug|iPhone
		{B8AA862F-3108-44F0-B0DD-BFCE7C4496F4}.Debug|Any CPU.Deploy.0 = Debug|iPhone
		{B8AA862F-3108-44F0-B0DD-BFCE7C4496F4}.Debug|ARM.ActiveCfg = Debug|iPhoneSimulator
		{B8AA862F-3108-44F0-B0DD-BFCE7C4496F4}.Debug|ARM.Build.0 = Debug|iPhoneSimulator
		{B8AA862F-3108-44F0-B0DD-BFCE7C4496F4}.Debug|ARM.Deploy.0 = Debug|iPhoneSimulator
		{B8AA862F-3108-44F0-B0DD-BFCE7C4496F4}.Debug|iPhone.ActiveCfg = Debug|iPhone
		{B8AA862F-3108-44F0-B0DD-BFCE7C4496F4}.Debug|iPhone.Build.0 = Debug|iPhone
		{B8AA862F-3108-44F0-B0DD-BFCE7C4496F4}.Debug|iPhone.Deploy.0 = Debug|iPhone
		{B8AA862F-3108-44F0-B0DD-BFCE7C4496F4}.Debug|iPhoneSimulator.ActiveCfg = Debug|iPhoneSimulator
		{B8AA862F-3108-44F0-B0DD-BFCE7C4496F4}.Debug|iPhoneSimulator.Build.0 = Debug|iPhoneSimulator
		{B8AA862F-3108-44F0-B0DD-BFCE7C4496F4}.Debug|iPhoneSimulator.Deploy.0 = Debug|iPhoneSimulator
		{B8AA862F-3108-44F0-B0DD-BFCE7C4496F4}.Debug|x64.ActiveCfg = Debug|iPhone
		{B8AA862F-3108-44F0-B0DD-BFCE7C4496F4}.Debug|x64.Build.0 = Debug|iPhone
		{B8AA862F-3108-44F0-B0DD-BFCE7C4496F4}.Debug|x64.Deploy.0 = Debug|iPhone
		{B8AA862F-3108-44F0-B0DD-BFCE7C4496F4}.Debug|x86.ActiveCfg = Debug|iPhone
		{B8AA862F-3108-44F0-B0DD-BFCE7C4496F4}.Debug|x86.Build.0 = Debug|iPhone
		{B8AA862F-3108-44F0-B0DD-BFCE7C4496F4}.Debug|x86.Deploy.0 = Debug|iPhone
		{B8AA862F-3108-44F0-B0DD-BFCE7C4496F4}.Release|Any CPU.ActiveCfg = Release|iPhone
		{B8AA862F-3108-44F0-B0DD-BFCE7C4496F4}.Release|Any CPU.Build.0 = Release|iPhone
		{B8AA862F-3108-44F0-B0DD-BFCE7C4496F4}.Release|Any CPU.Deploy.0 = Release|iPhone
		{B8AA862F-3108-44F0-B0DD-BFCE7C4496F4}.Release|ARM.ActiveCfg = Release|iPhone
		{B8AA862F-3108-44F0-B0DD-BFCE7C4496F4}.Release|ARM.Build.0 = Release|iPhone
		{B8AA862F-3108-44F0-B0DD-BFCE7C4496F4}.Release|ARM.Deploy.0 = Release|iPhone
		{B8AA862F-3108-44F0-B0DD-BFCE7C4496F4}.Release|iPhone.ActiveCfg = Release|iPhone
		{B8AA862F-3108-44F0-B0DD-BFCE7C4496F4}.Release|iPhone.Build.0 = Release|iPhone
		{B8AA862F-3108-44F0-B0DD-BFCE7C4496F4}.Release|iPhone.Deploy.0 = Release|iPhone
		{B8AA862F-3108-44F0-B0DD-BFCE7C4496F4}.Release|iPhoneSimulator.ActiveCfg = Release|iPhoneSimulator
		{B8AA862F-3108-44F0-B0DD-BFCE7C4496F4}.Release|iPhoneSimulator.Build.0 = Release|iPhoneSimulator
		{B8AA862F-3108-44F0-B0DD-BFCE7C4496F4}.Release|iPhoneSimulator.Deploy.0 = Release|iPhoneSimulator
		{B8AA862F-3108-44F0-B0DD-BFCE7C4496F4}.Release|x64.ActiveCfg = Release|iPhone
		{B8AA862F-3108-44F0-B0DD-BFCE7C4496F4}.Release|x64.Build.0 = Release|iPhone
		{B8AA862F-3108-44F0-B0DD-BFCE7C4496F4}.Release|x64.Deploy.0 = Release|iPhone
		{B8AA862F-3108-44F0-B0DD-BFCE7C4496F4}.Release|x86.ActiveCfg = Release|iPhone
		{B8AA862F-3108-44F0-B0DD-BFCE7C4496F4}.Release|x86.Build.0 = Release|iPhone
		{B8AA862F-3108-44F0-B0DD-BFCE7C4496F4}.Release|x86.Deploy.0 = Release|iPhone
		{9752CA8F-E5F3-41AE-8C66-2BD065C64F7E}.Debug|Any CPU.ActiveCfg = Debug|Any CPU
		{9752CA8F-E5F3-41AE-8C66-2BD065C64F7E}.Debug|Any CPU.Build.0 = Debug|Any CPU
		{9752CA8F-E5F3-41AE-8C66-2BD065C64F7E}.Debug|Any CPU.Deploy.0 = Debug|Any CPU
		{9752CA8F-E5F3-41AE-8C66-2BD065C64F7E}.Debug|ARM.ActiveCfg = Debug|Any CPU
		{9752CA8F-E5F3-41AE-8C66-2BD065C64F7E}.Debug|ARM.Build.0 = Debug|Any CPU
		{9752CA8F-E5F3-41AE-8C66-2BD065C64F7E}.Debug|ARM.Deploy.0 = Debug|Any CPU
		{9752CA8F-E5F3-41AE-8C66-2BD065C64F7E}.Debug|iPhone.ActiveCfg = Debug|Any CPU
		{9752CA8F-E5F3-41AE-8C66-2BD065C64F7E}.Debug|iPhone.Build.0 = Debug|Any CPU
		{9752CA8F-E5F3-41AE-8C66-2BD065C64F7E}.Debug|iPhone.Deploy.0 = Debug|Any CPU
		{9752CA8F-E5F3-41AE-8C66-2BD065C64F7E}.Debug|iPhoneSimulator.ActiveCfg = Debug|Any CPU
		{9752CA8F-E5F3-41AE-8C66-2BD065C64F7E}.Debug|iPhoneSimulator.Build.0 = Debug|Any CPU
		{9752CA8F-E5F3-41AE-8C66-2BD065C64F7E}.Debug|iPhoneSimulator.Deploy.0 = Debug|Any CPU
		{9752CA8F-E5F3-41AE-8C66-2BD065C64F7E}.Debug|x64.ActiveCfg = Debug|Any CPU
		{9752CA8F-E5F3-41AE-8C66-2BD065C64F7E}.Debug|x64.Build.0 = Debug|Any CPU
		{9752CA8F-E5F3-41AE-8C66-2BD065C64F7E}.Debug|x64.Deploy.0 = Debug|Any CPU
		{9752CA8F-E5F3-41AE-8C66-2BD065C64F7E}.Debug|x86.ActiveCfg = Debug|Any CPU
		{9752CA8F-E5F3-41AE-8C66-2BD065C64F7E}.Debug|x86.Build.0 = Debug|Any CPU
		{9752CA8F-E5F3-41AE-8C66-2BD065C64F7E}.Debug|x86.Deploy.0 = Debug|Any CPU
		{9752CA8F-E5F3-41AE-8C66-2BD065C64F7E}.Release|Any CPU.ActiveCfg = Release|Any CPU
		{9752CA8F-E5F3-41AE-8C66-2BD065C64F7E}.Release|Any CPU.Build.0 = Release|Any CPU
		{9752CA8F-E5F3-41AE-8C66-2BD065C64F7E}.Release|Any CPU.Deploy.0 = Release|Any CPU
		{9752CA8F-E5F3-41AE-8C66-2BD065C64F7E}.Release|ARM.ActiveCfg = Release|Any CPU
		{9752CA8F-E5F3-41AE-8C66-2BD065C64F7E}.Release|ARM.Build.0 = Release|Any CPU
		{9752CA8F-E5F3-41AE-8C66-2BD065C64F7E}.Release|ARM.Deploy.0 = Release|Any CPU
		{9752CA8F-E5F3-41AE-8C66-2BD065C64F7E}.Release|iPhone.ActiveCfg = Release|Any CPU
		{9752CA8F-E5F3-41AE-8C66-2BD065C64F7E}.Release|iPhone.Build.0 = Release|Any CPU
		{9752CA8F-E5F3-41AE-8C66-2BD065C64F7E}.Release|iPhone.Deploy.0 = Release|Any CPU
		{9752CA8F-E5F3-41AE-8C66-2BD065C64F7E}.Release|iPhoneSimulator.ActiveCfg = Release|Any CPU
		{9752CA8F-E5F3-41AE-8C66-2BD065C64F7E}.Release|iPhoneSimulator.Build.0 = Release|Any CPU
		{9752CA8F-E5F3-41AE-8C66-2BD065C64F7E}.Release|iPhoneSimulator.Deploy.0 = Release|Any CPU
		{9752CA8F-E5F3-41AE-8C66-2BD065C64F7E}.Release|x64.ActiveCfg = Release|Any CPU
		{9752CA8F-E5F3-41AE-8C66-2BD065C64F7E}.Release|x64.Build.0 = Release|Any CPU
		{9752CA8F-E5F3-41AE-8C66-2BD065C64F7E}.Release|x64.Deploy.0 = Release|Any CPU
		{9752CA8F-E5F3-41AE-8C66-2BD065C64F7E}.Release|x86.ActiveCfg = Release|Any CPU
		{9752CA8F-E5F3-41AE-8C66-2BD065C64F7E}.Release|x86.Build.0 = Release|Any CPU
		{9752CA8F-E5F3-41AE-8C66-2BD065C64F7E}.Release|x86.Deploy.0 = Release|Any CPU
	EndGlobalSection
	GlobalSection(SolutionProperties) = preSolution
		HideSolutionNode = FALSE
	EndGlobalSection
	GlobalSection(ExtensibilityGlobals) = postSolution
		SolutionGuid = {1332255F-1C24-449E-99A9-A60DFE44CF89}
	EndGlobalSection
EndGlobal
